// !$*UTF8*$!
{
	archiveVersion = 1;
	classes = {
	};
	objectVersion = 56;
	objects = {

/* Begin PBXBuildFile section */
		751128622AD294B500DA71DA /* OneWeekView.swift in Sources */ = {isa = PBXBuildFile; fileRef = 751128612AD294B500DA71DA /* OneWeekView.swift */; };
		751128642AD2959800DA71DA /* OneWeekViewModel.swift in Sources */ = {isa = PBXBuildFile; fileRef = 751128632AD2959800DA71DA /* OneWeekViewModel.swift */; };
		751128672AD29A3A00DA71DA /* RevisionView.swift in Sources */ = {isa = PBXBuildFile; fileRef = 751128662AD29A3A00DA71DA /* RevisionView.swift */; };
		7511286B2AD29BCC00DA71DA /* Monday.swift in Sources */ = {isa = PBXBuildFile; fileRef = 7511286A2AD29BCC00DA71DA /* Monday.swift */; };
		7511286E2AD29CD900DA71DA /* OneWeekSelectView.swift in Sources */ = {isa = PBXBuildFile; fileRef = 7511286D2AD29CD900DA71DA /* OneWeekSelectView.swift */; };
		751128722AD29E4200DA71DA /* Extension+Color.swift in Sources */ = {isa = PBXBuildFile; fileRef = 751128712AD29E4200DA71DA /* Extension+Color.swift */; };
		751128752AD2A31300DA71DA /* RealmCRUD.swift in Sources */ = {isa = PBXBuildFile; fileRef = 751128742AD2A31300DA71DA /* RealmCRUD.swift */; };
		751128782AD2B8AF00DA71DA /* DateManager.swift in Sources */ = {isa = PBXBuildFile; fileRef = 751128772AD2B8AF00DA71DA /* DateManager.swift */; };
		75482C0D2AD5132300B3C238 /* MigrationManager.swift in Sources */ = {isa = PBXBuildFile; fileRef = 75482C0C2AD5132300B3C238 /* MigrationManager.swift */; };
		75482C0F2AD53B0B00B3C238 /* RevisionViewModel.swift in Sources */ = {isa = PBXBuildFile; fileRef = 75482C0E2AD53B0B00B3C238 /* RevisionViewModel.swift */; };
		75482C122AD5504600B3C238 /* WeekDay.swift in Sources */ = {isa = PBXBuildFile; fileRef = 75482C112AD5504600B3C238 /* WeekDay.swift */; };
		75482C212AD7EC7A00B3C238 /* AppConst.swift in Sources */ = {isa = PBXBuildFile; fileRef = 75482C202AD7EC7A00B3C238 /* AppConst.swift */; };
		75482C232AD8114500B3C238 /* Thursday.swift in Sources */ = {isa = PBXBuildFile; fileRef = 75482C222AD8114500B3C238 /* Thursday.swift */; };
		75482C252AD8117900B3C238 /* Friday.swift in Sources */ = {isa = PBXBuildFile; fileRef = 75482C242AD8117900B3C238 /* Friday.swift */; };
		75482C272AD811A100B3C238 /* Saturday.swift in Sources */ = {isa = PBXBuildFile; fileRef = 75482C262AD811A100B3C238 /* Saturday.swift */; };
		75482C292AD811B400B3C238 /* Sunday.swift in Sources */ = {isa = PBXBuildFile; fileRef = 75482C282AD811B400B3C238 /* Sunday.swift */; };
		75D2758F2ACDD83F004DC5A0 /* ScheduleManagementsApp.swift in Sources */ = {isa = PBXBuildFile; fileRef = 75D2758E2ACDD83F004DC5A0 /* ScheduleManagementsApp.swift */; };
		75D275932ACDD842004DC5A0 /* Assets.xcassets in Resources */ = {isa = PBXBuildFile; fileRef = 75D275922ACDD842004DC5A0 /* Assets.xcassets */; };
		75D275962ACDD842004DC5A0 /* Preview Assets.xcassets in Resources */ = {isa = PBXBuildFile; fileRef = 75D275952ACDD842004DC5A0 /* Preview Assets.xcassets */; };
		75FA20022AD30A56000B5B86 /* Tuesday.swift in Sources */ = {isa = PBXBuildFile; fileRef = 75FA20012AD30A56000B5B86 /* Tuesday.swift */; };
		75FA20042AD30A60000B5B86 /* Wednesday.swift in Sources */ = {isa = PBXBuildFile; fileRef = 75FA20032AD30A60000B5B86 /* Wednesday.swift */; };
		DD45F48FA83046EFF381BB80 /* Pods_ScheduleManagements.framework in Frameworks */ = {isa = PBXBuildFile; fileRef = 2C2136BB1A5C820970159610 /* Pods_ScheduleManagements.framework */; };
/* End PBXBuildFile section */

/* Begin PBXFileReference section */
		2C2136BB1A5C820970159610 /* Pods_ScheduleManagements.framework */ = {isa = PBXFileReference; explicitFileType = wrapper.framework; includeInIndex = 0; path = Pods_ScheduleManagements.framework; sourceTree = BUILT_PRODUCTS_DIR; };
		6E193B4B7F2508F8A69BA42D /* Pods-ScheduleManagements.release.xcconfig */ = {isa = PBXFileReference; includeInIndex = 1; lastKnownFileType = text.xcconfig; name = "Pods-ScheduleManagements.release.xcconfig"; path = "Target Support Files/Pods-ScheduleManagements/Pods-ScheduleManagements.release.xcconfig"; sourceTree = "<group>"; };
		751128612AD294B500DA71DA /* OneWeekView.swift */ = {isa = PBXFileReference; lastKnownFileType = sourcecode.swift; path = OneWeekView.swift; sourceTree = "<group>"; };
		751128632AD2959800DA71DA /* OneWeekViewModel.swift */ = {isa = PBXFileReference; lastKnownFileType = sourcecode.swift; path = OneWeekViewModel.swift; sourceTree = "<group>"; };
		751128662AD29A3A00DA71DA /* RevisionView.swift */ = {isa = PBXFileReference; lastKnownFileType = sourcecode.swift; path = RevisionView.swift; sourceTree = "<group>"; };
		7511286A2AD29BCC00DA71DA /* Monday.swift */ = {isa = PBXFileReference; lastKnownFileType = sourcecode.swift; path = Monday.swift; sourceTree = "<group>"; };
		7511286D2AD29CD900DA71DA /* OneWeekSelectView.swift */ = {isa = PBXFileReference; lastKnownFileType = sourcecode.swift; path = OneWeekSelectView.swift; sourceTree = "<group>"; };
		751128712AD29E4200DA71DA /* Extension+Color.swift */ = {isa = PBXFileReference; lastKnownFileType = sourcecode.swift; path = "Extension+Color.swift"; sourceTree = "<group>"; };
		751128742AD2A31300DA71DA /* RealmCRUD.swift */ = {isa = PBXFileReference; lastKnownFileType = sourcecode.swift; path = RealmCRUD.swift; sourceTree = "<group>"; };
		751128772AD2B8AF00DA71DA /* DateManager.swift */ = {isa = PBXFileReference; lastKnownFileType = sourcecode.swift; path = DateManager.swift; sourceTree = "<group>"; };
		75482C0C2AD5132300B3C238 /* MigrationManager.swift */ = {isa = PBXFileReference; lastKnownFileType = sourcecode.swift; path = MigrationManager.swift; sourceTree = "<group>"; };
		75482C0E2AD53B0B00B3C238 /* RevisionViewModel.swift */ = {isa = PBXFileReference; lastKnownFileType = sourcecode.swift; path = RevisionViewModel.swift; sourceTree = "<group>"; };
		75482C112AD5504600B3C238 /* WeekDay.swift */ = {isa = PBXFileReference; lastKnownFileType = sourcecode.swift; path = WeekDay.swift; sourceTree = "<group>"; };
		75482C202AD7EC7A00B3C238 /* AppConst.swift */ = {isa = PBXFileReference; lastKnownFileType = sourcecode.swift; path = AppConst.swift; sourceTree = "<group>"; };
		75482C222AD8114500B3C238 /* Thursday.swift */ = {isa = PBXFileReference; lastKnownFileType = sourcecode.swift; path = Thursday.swift; sourceTree = "<group>"; };
		75482C242AD8117900B3C238 /* Friday.swift */ = {isa = PBXFileReference; lastKnownFileType = sourcecode.swift; path = Friday.swift; sourceTree = "<group>"; };
		75482C262AD811A100B3C238 /* Saturday.swift */ = {isa = PBXFileReference; lastKnownFileType = sourcecode.swift; path = Saturday.swift; sourceTree = "<group>"; };
		75482C282AD811B400B3C238 /* Sunday.swift */ = {isa = PBXFileReference; lastKnownFileType = sourcecode.swift; path = Sunday.swift; sourceTree = "<group>"; };
		75D2758B2ACDD83F004DC5A0 /* ScheduleManagements.app */ = {isa = PBXFileReference; explicitFileType = wrapper.application; includeInIndex = 0; path = ScheduleManagements.app; sourceTree = BUILT_PRODUCTS_DIR; };
		75D2758E2ACDD83F004DC5A0 /* ScheduleManagementsApp.swift */ = {isa = PBXFileReference; lastKnownFileType = sourcecode.swift; path = ScheduleManagementsApp.swift; sourceTree = "<group>"; };
		75D275922ACDD842004DC5A0 /* Assets.xcassets */ = {isa = PBXFileReference; lastKnownFileType = folder.assetcatalog; path = Assets.xcassets; sourceTree = "<group>"; };
		75D275952ACDD842004DC5A0 /* Preview Assets.xcassets */ = {isa = PBXFileReference; lastKnownFileType = folder.assetcatalog; path = "Preview Assets.xcassets"; sourceTree = "<group>"; };
		75FA20012AD30A56000B5B86 /* Tuesday.swift */ = {isa = PBXFileReference; lastKnownFileType = sourcecode.swift; path = Tuesday.swift; sourceTree = "<group>"; };
		75FA20032AD30A60000B5B86 /* Wednesday.swift */ = {isa = PBXFileReference; lastKnownFileType = sourcecode.swift; path = Wednesday.swift; sourceTree = "<group>"; };
		AC2E7F06AC1F7BCE815A0B54 /* Pods-ScheduleManagements.debug.xcconfig */ = {isa = PBXFileReference; includeInIndex = 1; lastKnownFileType = text.xcconfig; name = "Pods-ScheduleManagements.debug.xcconfig"; path = "Target Support Files/Pods-ScheduleManagements/Pods-ScheduleManagements.debug.xcconfig"; sourceTree = "<group>"; };
/* End PBXFileReference section */

/* Begin PBXFrameworksBuildPhase section */
		75D275882ACDD83F004DC5A0 /* Frameworks */ = {
			isa = PBXFrameworksBuildPhase;
			buildActionMask = 2147483647;
			files = (
				DD45F48FA83046EFF381BB80 /* Pods_ScheduleManagements.framework in Frameworks */,
			);
			runOnlyForDeploymentPostprocessing = 0;
		};
/* End PBXFrameworksBuildPhase section */

/* Begin PBXGroup section */
		02867088591EF01039D66C3B /* Pods */ = {
			isa = PBXGroup;
			children = (
				AC2E7F06AC1F7BCE815A0B54 /* Pods-ScheduleManagements.debug.xcconfig */,
				6E193B4B7F2508F8A69BA42D /* Pods-ScheduleManagements.release.xcconfig */,
			);
			path = Pods;
			sourceTree = "<group>";
		};
		16CD538F9C83CB2B25C3142A /* Frameworks */ = {
			isa = PBXGroup;
			children = (
				2C2136BB1A5C820970159610 /* Pods_ScheduleManagements.framework */,
			);
			name = Frameworks;
			sourceTree = "<group>";
		};
		7511285E2AD2927300DA71DA /* Screen */ = {
			isa = PBXGroup;
			children = (
				751128602AD292C100DA71DA /* Common */,
				7511286C2AD29C8400DA71DA /* OneWeekSelect */,
				751128652AD29A1400DA71DA /* Revision */,
			);
			path = Screen;
			sourceTree = "<group>";
		};
		7511285F2AD2927C00DA71DA /* Applecation */ = {
			isa = PBXGroup;
			children = (
				75D2758E2ACDD83F004DC5A0 /* ScheduleManagementsApp.swift */,
			);
			path = Applecation;
			sourceTree = "<group>";
		};
		751128602AD292C100DA71DA /* Common */ = {
			isa = PBXGroup;
			children = (
				751128612AD294B500DA71DA /* OneWeekView.swift */,
				751128632AD2959800DA71DA /* OneWeekViewModel.swift */,
			);
			path = Common;
			sourceTree = "<group>";
		};
		751128652AD29A1400DA71DA /* Revision */ = {
			isa = PBXGroup;
			children = (
				751128662AD29A3A00DA71DA /* RevisionView.swift */,
				75482C0E2AD53B0B00B3C238 /* RevisionViewModel.swift */,
			);
			path = Revision;
			sourceTree = "<group>";
		};
		751128682AD29ABC00DA71DA /* Model */ = {
			isa = PBXGroup;
			children = (
				751128692AD29B1F00DA71DA /* OneWeek */,
			);
			path = Model;
			sourceTree = "<group>";
		};
		751128692AD29B1F00DA71DA /* OneWeek */ = {
			isa = PBXGroup;
			children = (
				7511286A2AD29BCC00DA71DA /* Monday.swift */,
				75FA20012AD30A56000B5B86 /* Tuesday.swift */,
				75FA20032AD30A60000B5B86 /* Wednesday.swift */,
				75482C222AD8114500B3C238 /* Thursday.swift */,
				75482C242AD8117900B3C238 /* Friday.swift */,
				75482C262AD811A100B3C238 /* Saturday.swift */,
				75482C282AD811B400B3C238 /* Sunday.swift */,
			);
			path = OneWeek;
			sourceTree = "<group>";
		};
		7511286C2AD29C8400DA71DA /* OneWeekSelect */ = {
			isa = PBXGroup;
			children = (
				7511286D2AD29CD900DA71DA /* OneWeekSelectView.swift */,
			);
			path = OneWeekSelect;
			sourceTree = "<group>";
		};
		751128702AD29DE400DA71DA /* Extension */ = {
			isa = PBXGroup;
			children = (
				751128712AD29E4200DA71DA /* Extension+Color.swift */,
			);
			path = Extension;
			sourceTree = "<group>";
		};
		751128732AD2A27B00DA71DA /* Util */ = {
			isa = PBXGroup;
			children = (
				751128742AD2A31300DA71DA /* RealmCRUD.swift */,
				75482C202AD7EC7A00B3C238 /* AppConst.swift */,
			);
			path = Util;
			sourceTree = "<group>";
		};
		751128762AD2B88300DA71DA /* Manager */ = {
			isa = PBXGroup;
			children = (
				751128772AD2B8AF00DA71DA /* DateManager.swift */,
				75482C0C2AD5132300B3C238 /* MigrationManager.swift */,
			);
			path = Manager;
			sourceTree = "<group>";
		};
		75482C102AD54FB600B3C238 /* Protocol */ = {
			isa = PBXGroup;
			children = (
				75482C112AD5504600B3C238 /* WeekDay.swift */,
			);
			path = Protocol;
			sourceTree = "<group>";
		};
		75D275822ACDD83F004DC5A0 = {
			isa = PBXGroup;
			children = (
				75D2758D2ACDD83F004DC5A0 /* ScheduleManagements */,
				75D2758C2ACDD83F004DC5A0 /* Products */,
				02867088591EF01039D66C3B /* Pods */,
				16CD538F9C83CB2B25C3142A /* Frameworks */,
			);
			sourceTree = "<group>";
		};
		75D2758C2ACDD83F004DC5A0 /* Products */ = {
			isa = PBXGroup;
			children = (
				75D2758B2ACDD83F004DC5A0 /* ScheduleManagements.app */,
			);
			name = Products;
			sourceTree = "<group>";
		};
		75D2758D2ACDD83F004DC5A0 /* ScheduleManagements */ = {
			isa = PBXGroup;
			children = (
				7511285F2AD2927C00DA71DA /* Applecation */,
				751128702AD29DE400DA71DA /* Extension */,
				75482C102AD54FB600B3C238 /* Protocol */,
				751128732AD2A27B00DA71DA /* Util */,
				751128762AD2B88300DA71DA /* Manager */,
				751128682AD29ABC00DA71DA /* Model */,
				7511285E2AD2927300DA71DA /* Screen */,
				75D275922ACDD842004DC5A0 /* Assets.xcassets */,
				75D275942ACDD842004DC5A0 /* Preview Content */,
			);
			path = ScheduleManagements;
			sourceTree = "<group>";
		};
		75D275942ACDD842004DC5A0 /* Preview Content */ = {
			isa = PBXGroup;
			children = (
				75D275952ACDD842004DC5A0 /* Preview Assets.xcassets */,
			);
			path = "Preview Content";
			sourceTree = "<group>";
		};
/* End PBXGroup section */

/* Begin PBXNativeTarget section */
		75D2758A2ACDD83F004DC5A0 /* ScheduleManagements */ = {
			isa = PBXNativeTarget;
			buildConfigurationList = 75D275992ACDD842004DC5A0 /* Build configuration list for PBXNativeTarget "ScheduleManagements" */;
			buildPhases = (
				70B72EE213839804B22EC8F5 /* [CP] Check Pods Manifest.lock */,
				75D275872ACDD83F004DC5A0 /* Sources */,
				75D275882ACDD83F004DC5A0 /* Frameworks */,
				75D275892ACDD83F004DC5A0 /* Resources */,
				75D2759C2ACE7A15004DC5A0 /* ShellScript */,
				B1763E274930A01DE63F26FF /* [CP] Embed Pods Frameworks */,
			);
			buildRules = (
			);
			dependencies = (
			);
			name = ScheduleManagements;
			productName = ScheduleManagements;
			productReference = 75D2758B2ACDD83F004DC5A0 /* ScheduleManagements.app */;
			productType = "com.apple.product-type.application";
		};
/* End PBXNativeTarget section */

/* Begin PBXProject section */
		75D275832ACDD83F004DC5A0 /* Project object */ = {
			isa = PBXProject;
			attributes = {
				BuildIndependentTargetsInParallel = 1;
				LastSwiftUpdateCheck = 1500;
				LastUpgradeCheck = 1500;
				TargetAttributes = {
					75D2758A2ACDD83F004DC5A0 = {
						CreatedOnToolsVersion = 15.0;
					};
				};
			};
			buildConfigurationList = 75D275862ACDD83F004DC5A0 /* Build configuration list for PBXProject "ScheduleManagements" */;
			compatibilityVersion = "Xcode 14.0";
			developmentRegion = en;
			hasScannedForEncodings = 0;
			knownRegions = (
				en,
				Base,
			);
			mainGroup = 75D275822ACDD83F004DC5A0;
			productRefGroup = 75D2758C2ACDD83F004DC5A0 /* Products */;
			projectDirPath = "";
			projectRoot = "";
			targets = (
				75D2758A2ACDD83F004DC5A0 /* ScheduleManagements */,
			);
		};
/* End PBXProject section */

/* Begin PBXResourcesBuildPhase section */
		75D275892ACDD83F004DC5A0 /* Resources */ = {
			isa = PBXResourcesBuildPhase;
			buildActionMask = 2147483647;
			files = (
				75D275962ACDD842004DC5A0 /* Preview Assets.xcassets in Resources */,
				75D275932ACDD842004DC5A0 /* Assets.xcassets in Resources */,
			);
			runOnlyForDeploymentPostprocessing = 0;
		};
/* End PBXResourcesBuildPhase section */

/* Begin PBXShellScriptBuildPhase section */
		70B72EE213839804B22EC8F5 /* [CP] Check Pods Manifest.lock */ = {
			isa = PBXShellScriptBuildPhase;
			buildActionMask = 2147483647;
			files = (
			);
			inputFileListPaths = (
			);
			inputPaths = (
				"${PODS_PODFILE_DIR_PATH}/Podfile.lock",
				"${PODS_ROOT}/Manifest.lock",
			);
			name = "[CP] Check Pods Manifest.lock";
			outputFileListPaths = (
			);
			outputPaths = (
				"$(DERIVED_FILE_DIR)/Pods-ScheduleManagements-checkManifestLockResult.txt",
			);
			runOnlyForDeploymentPostprocessing = 0;
			shellPath = /bin/sh;
			shellScript = "diff \"${PODS_PODFILE_DIR_PATH}/Podfile.lock\" \"${PODS_ROOT}/Manifest.lock\" > /dev/null\nif [ $? != 0 ] ; then\n    # print error to STDERR\n    echo \"error: The sandbox is not in sync with the Podfile.lock. Run 'pod install' or update your CocoaPods installation.\" >&2\n    exit 1\nfi\n# This output is used by Xcode 'outputs' to avoid re-running this script phase.\necho \"SUCCESS\" > \"${SCRIPT_OUTPUT_FILE_0}\"\n";
			showEnvVarsInLog = 0;
		};
		75D2759C2ACE7A15004DC5A0 /* ShellScript */ = {
			isa = PBXShellScriptBuildPhase;
			alwaysOutOfDate = 1;
			buildActionMask = 2147483647;
			files = (
			);
			inputFileListPaths = (
			);
			inputPaths = (
			);
			outputFileListPaths = (
			);
			outputPaths = (
			);
			runOnlyForDeploymentPostprocessing = 0;
			shellPath = /bin/sh;
			shellScript = "# Type a script or drag a script file from your workspace to insert its path.\nif which \"${PODS_ROOT}/SwiftLint/swiftlint\" >/dev/null; then\n    ${PODS_ROOT}/SwiftLint/swiftlint\nelse\n    echo \"warning: SwiftLint not installed, download from https://github.com/realm/SwiftLint\"\nfi\n";
		};
		B1763E274930A01DE63F26FF /* [CP] Embed Pods Frameworks */ = {
			isa = PBXShellScriptBuildPhase;
			buildActionMask = 2147483647;
			files = (
			);
			inputFileListPaths = (
				"${PODS_ROOT}/Target Support Files/Pods-ScheduleManagements/Pods-ScheduleManagements-frameworks-${CONFIGURATION}-input-files.xcfilelist",
			);
			name = "[CP] Embed Pods Frameworks";
			outputFileListPaths = (
				"${PODS_ROOT}/Target Support Files/Pods-ScheduleManagements/Pods-ScheduleManagements-frameworks-${CONFIGURATION}-output-files.xcfilelist",
			);
			runOnlyForDeploymentPostprocessing = 0;
			shellPath = /bin/sh;
			shellScript = "\"${PODS_ROOT}/Target Support Files/Pods-ScheduleManagements/Pods-ScheduleManagements-frameworks.sh\"\n";
			showEnvVarsInLog = 0;
		};
/* End PBXShellScriptBuildPhase section */

/* Begin PBXSourcesBuildPhase section */
		75D275872ACDD83F004DC5A0 /* Sources */ = {
			isa = PBXSourcesBuildPhase;
			buildActionMask = 2147483647;
			files = (
				751128672AD29A3A00DA71DA /* RevisionView.swift in Sources */,
				75482C252AD8117900B3C238 /* Friday.swift in Sources */,
				75482C212AD7EC7A00B3C238 /* AppConst.swift in Sources */,
				751128752AD2A31300DA71DA /* RealmCRUD.swift in Sources */,
				7511286B2AD29BCC00DA71DA /* Monday.swift in Sources */,
				75482C0F2AD53B0B00B3C238 /* RevisionViewModel.swift in Sources */,
				75D2758F2ACDD83F004DC5A0 /* ScheduleManagementsApp.swift in Sources */,
				751128622AD294B500DA71DA /* OneWeekView.swift in Sources */,
				75482C122AD5504600B3C238 /* WeekDay.swift in Sources */,
				75FA20042AD30A60000B5B86 /* Wednesday.swift in Sources */,
				75FA20022AD30A56000B5B86 /* Tuesday.swift in Sources */,
				751128782AD2B8AF00DA71DA /* DateManager.swift in Sources */,
				7511286E2AD29CD900DA71DA /* OneWeekSelectView.swift in Sources */,
				751128642AD2959800DA71DA /* OneWeekViewModel.swift in Sources */,
				75482C232AD8114500B3C238 /* Thursday.swift in Sources */,
				75482C292AD811B400B3C238 /* Sunday.swift in Sources */,
				75482C0D2AD5132300B3C238 /* MigrationManager.swift in Sources */,
				75482C272AD811A100B3C238 /* Saturday.swift in Sources */,
				751128722AD29E4200DA71DA /* Extension+Color.swift in Sources */,
			);
			runOnlyForDeploymentPostprocessing = 0;
		};
/* End PBXSourcesBuildPhase section */

/* Begin XCBuildConfiguration section */
		75D275972ACDD842004DC5A0 /* Debug */ = {
			isa = XCBuildConfiguration;
			buildSettings = {
				ALWAYS_SEARCH_USER_PATHS = NO;
				ASSETCATALOG_COMPILER_GENERATE_SWIFT_ASSET_SYMBOL_EXTENSIONS = YES;
				CLANG_ANALYZER_NONNULL = YES;
				CLANG_ANALYZER_NUMBER_OBJECT_CONVERSION = YES_AGGRESSIVE;
				CLANG_CXX_LANGUAGE_STANDARD = "gnu++20";
				CLANG_ENABLE_MODULES = YES;
				CLANG_ENABLE_OBJC_ARC = YES;
				CLANG_ENABLE_OBJC_WEAK = YES;
				CLANG_WARN_BLOCK_CAPTURE_AUTORELEASING = YES;
				CLANG_WARN_BOOL_CONVERSION = YES;
				CLANG_WARN_COMMA = YES;
				CLANG_WARN_CONSTANT_CONVERSION = YES;
				CLANG_WARN_DEPRECATED_OBJC_IMPLEMENTATIONS = YES;
				CLANG_WARN_DIRECT_OBJC_ISA_USAGE = YES_ERROR;
				CLANG_WARN_DOCUMENTATION_COMMENTS = YES;
				CLANG_WARN_EMPTY_BODY = YES;
				CLANG_WARN_ENUM_CONVERSION = YES;
				CLANG_WARN_INFINITE_RECURSION = YES;
				CLANG_WARN_INT_CONVERSION = YES;
				CLANG_WARN_NON_LITERAL_NULL_CONVERSION = YES;
				CLANG_WARN_OBJC_IMPLICIT_RETAIN_SELF = YES;
				CLANG_WARN_OBJC_LITERAL_CONVERSION = YES;
				CLANG_WARN_OBJC_ROOT_CLASS = YES_ERROR;
				CLANG_WARN_QUOTED_INCLUDE_IN_FRAMEWORK_HEADER = YES;
				CLANG_WARN_RANGE_LOOP_ANALYSIS = YES;
				CLANG_WARN_STRICT_PROTOTYPES = YES;
				CLANG_WARN_SUSPICIOUS_MOVE = YES;
				CLANG_WARN_UNGUARDED_AVAILABILITY = YES_AGGRESSIVE;
				CLANG_WARN_UNREACHABLE_CODE = YES;
				CLANG_WARN__DUPLICATE_METHOD_MATCH = YES;
				COPY_PHASE_STRIP = NO;
				DEBUG_INFORMATION_FORMAT = dwarf;
				ENABLE_STRICT_OBJC_MSGSEND = YES;
				ENABLE_TESTABILITY = YES;
				ENABLE_USER_SCRIPT_SANDBOXING = YES;
				GCC_C_LANGUAGE_STANDARD = gnu17;
				GCC_DYNAMIC_NO_PIC = NO;
				GCC_NO_COMMON_BLOCKS = YES;
				GCC_OPTIMIZATION_LEVEL = 0;
				GCC_PREPROCESSOR_DEFINITIONS = (
					"DEBUG=1",
					"$(inherited)",
				);
				GCC_WARN_64_TO_32_BIT_CONVERSION = YES;
				GCC_WARN_ABOUT_RETURN_TYPE = YES_ERROR;
				GCC_WARN_UNDECLARED_SELECTOR = YES;
				GCC_WARN_UNINITIALIZED_AUTOS = YES_AGGRESSIVE;
				GCC_WARN_UNUSED_FUNCTION = YES;
				GCC_WARN_UNUSED_VARIABLE = YES;
				IPHONEOS_DEPLOYMENT_TARGET = 16.4;
				LOCALIZATION_PREFERS_STRING_CATALOGS = YES;
				MTL_ENABLE_DEBUG_INFO = INCLUDE_SOURCE;
				MTL_FAST_MATH = YES;
				ONLY_ACTIVE_ARCH = YES;
				SDKROOT = iphoneos;
				SWIFT_ACTIVE_COMPILATION_CONDITIONS = "DEBUG $(inherited)";
				SWIFT_OPTIMIZATION_LEVEL = "-Onone";
			};
			name = Debug;
		};
		75D275982ACDD842004DC5A0 /* Release */ = {
			isa = XCBuildConfiguration;
			buildSettings = {
				ALWAYS_SEARCH_USER_PATHS = NO;
				ASSETCATALOG_COMPILER_GENERATE_SWIFT_ASSET_SYMBOL_EXTENSIONS = YES;
				CLANG_ANALYZER_NONNULL = YES;
				CLANG_ANALYZER_NUMBER_OBJECT_CONVERSION = YES_AGGRESSIVE;
				CLANG_CXX_LANGUAGE_STANDARD = "gnu++20";
				CLANG_ENABLE_MODULES = YES;
				CLANG_ENABLE_OBJC_ARC = YES;
				CLANG_ENABLE_OBJC_WEAK = YES;
				CLANG_WARN_BLOCK_CAPTURE_AUTORELEASING = YES;
				CLANG_WARN_BOOL_CONVERSION = YES;
				CLANG_WARN_COMMA = YES;
				CLANG_WARN_CONSTANT_CONVERSION = YES;
				CLANG_WARN_DEPRECATED_OBJC_IMPLEMENTATIONS = YES;
				CLANG_WARN_DIRECT_OBJC_ISA_USAGE = YES_ERROR;
				CLANG_WARN_DOCUMENTATION_COMMENTS = YES;
				CLANG_WARN_EMPTY_BODY = YES;
				CLANG_WARN_ENUM_CONVERSION = YES;
				CLANG_WARN_INFINITE_RECURSION = YES;
				CLANG_WARN_INT_CONVERSION = YES;
				CLANG_WARN_NON_LITERAL_NULL_CONVERSION = YES;
				CLANG_WARN_OBJC_IMPLICIT_RETAIN_SELF = YES;
				CLANG_WARN_OBJC_LITERAL_CONVERSION = YES;
				CLANG_WARN_OBJC_ROOT_CLASS = YES_ERROR;
				CLANG_WARN_QUOTED_INCLUDE_IN_FRAMEWORK_HEADER = YES;
				CLANG_WARN_RANGE_LOOP_ANALYSIS = YES;
				CLANG_WARN_STRICT_PROTOTYPES = YES;
				CLANG_WARN_SUSPICIOUS_MOVE = YES;
				CLANG_WARN_UNGUARDED_AVAILABILITY = YES_AGGRESSIVE;
				CLANG_WARN_UNREACHABLE_CODE = YES;
				CLANG_WARN__DUPLICATE_METHOD_MATCH = YES;
				COPY_PHASE_STRIP = NO;
				DEBUG_INFORMATION_FORMAT = "dwarf-with-dsym";
				ENABLE_NS_ASSERTIONS = NO;
				ENABLE_STRICT_OBJC_MSGSEND = YES;
				ENABLE_USER_SCRIPT_SANDBOXING = YES;
				GCC_C_LANGUAGE_STANDARD = gnu17;
				GCC_NO_COMMON_BLOCKS = YES;
				GCC_WARN_64_TO_32_BIT_CONVERSION = YES;
				GCC_WARN_ABOUT_RETURN_TYPE = YES_ERROR;
				GCC_WARN_UNDECLARED_SELECTOR = YES;
				GCC_WARN_UNINITIALIZED_AUTOS = YES_AGGRESSIVE;
				GCC_WARN_UNUSED_FUNCTION = YES;
				GCC_WARN_UNUSED_VARIABLE = YES;
				IPHONEOS_DEPLOYMENT_TARGET = 16.4;
				LOCALIZATION_PREFERS_STRING_CATALOGS = YES;
				MTL_ENABLE_DEBUG_INFO = NO;
				MTL_FAST_MATH = YES;
				SDKROOT = iphoneos;
				SWIFT_COMPILATION_MODE = wholemodule;
				VALIDATE_PRODUCT = YES;
			};
			name = Release;
		};
		75D2759A2ACDD842004DC5A0 /* Debug */ = {
			isa = XCBuildConfiguration;
			baseConfigurationReference = AC2E7F06AC1F7BCE815A0B54 /* Pods-ScheduleManagements.debug.xcconfig */;
			buildSettings = {
				ASSETCATALOG_COMPILER_APPICON_NAME = AppIcon;
				ASSETCATALOG_COMPILER_GLOBAL_ACCENT_COLOR_NAME = AccentColor;
				CODE_SIGN_STYLE = Automatic;
				CURRENT_PROJECT_VERSION = 1;
				DEVELOPMENT_ASSET_PATHS = "\"ScheduleManagements/Preview Content\"";
				DEVELOPMENT_TEAM = N28L9FHHL4;
				ENABLE_PREVIEWS = YES;
				ENABLE_USER_SCRIPT_SANDBOXING = NO;
				GENERATE_INFOPLIST_FILE = YES;
				INFOPLIST_KEY_UIApplicationSceneManifest_Generation = YES;
				INFOPLIST_KEY_UIApplicationSupportsIndirectInputEvents = YES;
				INFOPLIST_KEY_UILaunchScreen_Generation = YES;
				INFOPLIST_KEY_UISupportedInterfaceOrientations_iPad = "UIInterfaceOrientationPortrait UIInterfaceOrientationPortraitUpsideDown UIInterfaceOrientationLandscapeLeft UIInterfaceOrientationLandscapeRight";
				INFOPLIST_KEY_UISupportedInterfaceOrientations_iPhone = "UIInterfaceOrientationPortrait UIInterfaceOrientationLandscapeLeft UIInterfaceOrientationLandscapeRight";
				LD_RUNPATH_SEARCH_PATHS = (
					"$(inherited)",
					"@executable_path/Frameworks",
				);
				MARKETING_VERSION = 1.0;
				PRODUCT_BUNDLE_IDENTIFIER = hayate.swift.ScheduleManagements;
				PRODUCT_NAME = "$(TARGET_NAME)";
				SWIFT_EMIT_LOC_STRINGS = YES;
				SWIFT_VERSION = 5.0;
				TARGETED_DEVICE_FAMILY = "1,2";
			};
			name = Debug;
		};
		75D2759B2ACDD842004DC5A0 /* Release */ = {
			isa = XCBuildConfiguration;
			baseConfigurationReference = 6E193B4B7F2508F8A69BA42D /* Pods-ScheduleManagements.release.xcconfig */;
			buildSettings = {
				ASSETCATALOG_COMPILER_APPICON_NAME = AppIcon;
				ASSETCATALOG_COMPILER_GLOBAL_ACCENT_COLOR_NAME = AccentColor;
				CODE_SIGN_STYLE = Automatic;
				CURRENT_PROJECT_VERSION = 1;
				DEVELOPMENT_ASSET_PATHS = "\"ScheduleManagements/Preview Content\"";
				DEVELOPMENT_TEAM = N28L9FHHL4;
				ENABLE_PREVIEWS = YES;
				ENABLE_USER_SCRIPT_SANDBOXING = NO;
				GENERATE_INFOPLIST_FILE = YES;
				INFOPLIST_KEY_UIApplicationSceneManifest_Generation = YES;
				INFOPLIST_KEY_UIApplicationSupportsIndirectInputEvents = YES;
				INFOPLIST_KEY_UILaunchScreen_Generation = YES;
				INFOPLIST_KEY_UISupportedInterfaceOrientations_iPad = "UIInterfaceOrientationPortrait UIInterfaceOrientationPortraitUpsideDown UIInterfaceOrientationLandscapeLeft UIInterfaceOrientationLandscapeRight";
				INFOPLIST_KEY_UISupportedInterfaceOrientations_iPhone = "UIInterfaceOrientationPortrait UIInterfaceOrientationLandscapeLeft UIInterfaceOrientationLandscapeRight";
				LD_RUNPATH_SEARCH_PATHS = (
					"$(inherited)",
					"@executable_path/Frameworks",
				);
				MARKETING_VERSION = 1.0;
				PRODUCT_BUNDLE_IDENTIFIER = hayate.swift.ScheduleManagements;
				PRODUCT_NAME = "$(TARGET_NAME)";
				SWIFT_EMIT_LOC_STRINGS = YES;
				SWIFT_VERSION = 5.0;
				TARGETED_DEVICE_FAMILY = "1,2";
			};
			name = Release;
		};
/* End XCBuildConfiguration section */

/* Begin XCConfigurationList section */
		75D275862ACDD83F004DC5A0 /* Build configuration list for PBXProject "ScheduleManagements" */ = {
			isa = XCConfigurationList;
			buildConfigurations = (
				75D275972ACDD842004DC5A0 /* Debug */,
				75D275982ACDD842004DC5A0 /* Release */,
			);
			defaultConfigurationIsVisible = 0;
			defaultConfigurationName = Release;
		};
		75D275992ACDD842004DC5A0 /* Build configuration list for PBXNativeTarget "ScheduleManagements" */ = {
			isa = XCConfigurationList;
			buildConfigurations = (
				75D2759A2ACDD842004DC5A0 /* Debug */,
				75D2759B2ACDD842004DC5A0 /* Release */,
			);
			defaultConfigurationIsVisible = 0;
			defaultConfigurationName = Release;
		};
/* End XCConfigurationList section */
	};
	rootObject = 75D275832ACDD83F004DC5A0 /* Project object */;
}
